
Microsoft Visual Studio Solution File, Format Version 12.00
# Visual Studio 15
VisualStudioVersion = 15.0.28307.136
MinimumVisualStudioVersion = 10.0.40219.1
Project("{FAE04EC0-301F-11D3-BF4B-00C04F79EFBC}") = "IExercise", "IExercise\IExercise.csproj", "{92E79704-D7B0-4937-B3D9-6E291D6D2B8D}"
EndProject
Global
	GlobalSection(SolutionConfigurationPlatforms) = preSolution
		Debug|Any CPU = Debug|Any CPU
		Release|Any CPU = Release|Any CPU
	EndGlobalSection
	GlobalSection(ProjectConfigurationPlatforms) = postSolution
		{92E79704-D7B0-4937-B3D9-6E291D6D2B8D}.Debug|Any CPU.ActiveCfg = Debug|Any CPU
		{92E79704-D7B0-4937-B3D9-6E291D6D2B8D}.Debug|Any CPU.Build.0 = Debug|Any CPU
		{92E79704-D7B0-4937-B3D9-6E291D6D2B8D}.Release|Any CPU.ActiveCfg = Release|Any CPU
		{92E79704-D7B0-4937-B3D9-6E291D6D2B8D}.Release|Any CPU.Build.0 = Release|Any CPU
	EndGlobalSection
	GlobalSection(SolutionProperties) = preSolution
		HideSolutionNode = FALSE
	EndGlobalSection
	GlobalSection(ExtensibilityGlobals) = postSolution
		SolutionGuid = {46B5AAFC-26A5-42BA-81C0-50A71393C520}
	EndGlobalSection
EndGlobal
